github.com/lnproxy/lnc v0.0.0-20230709161846-26ccc7de1314 h1:iaCrKX7G0H/3XOtpbHiHuNQHGBKkH0n3HCfOKHmGZ8I=
github.com/lnproxy/lnc v0.0.0-20230709161846-26ccc7de1314/go.mod h1:G5r26LzotKe++whzqIs2LeL00DzQihZDQxBbI6bNlgg=
golang.org/x/net v0.12.0 h1:cfawfvKITfUsFCeJIHJrbSxpeu/E81khclypR0GVT50=
golang.org/x/net v0.12.0/go.mod h1:zEVYFnQC7m/vmpQFELhcD1EWkZlX69l4oqgmer6hfKA=
