github.com/lnproxy/lnc v0.0.0-20230914033128-6801565230f6 h1:CL4VHyx8oteJao8XS683PimppaEYHkB1Y8Su7DW+N6Y=
github.com/lnproxy/lnc v0.0.0-20230914033128-6801565230f6/go.mod h1:G5r26LzotKe++whzqIs2LeL00DzQihZDQxBbI6bNlgg=
golang.org/x/net v0.15.0 h1:ugBLEUaxABaB5AJqW9enI0ACdci2RUd4eP51NTBvuJ8=
golang.org/x/net v0.15.0/go.mod h1:idbUs1IY1+zTqbi8yxTbhexhEEk5ur9LInksu6HrEpk=
